
Microsoft Visual Studio Solution File, Format Version 12.00
# Visual Studio Version 16
VisualStudioVersion = 16.0.29609.76
MinimumVisualStudioVersion = 10.0.40219.1
Project("{FAE04EC0-301F-11D3-BF4B-00C04F79EFBC}") = "Dictionary", "Dictionary\Dictionary.csproj", "{2D4A385C-0104-44E4-A2AE-F324F6C256F4}"
EndProject
Global
	GlobalSection(SolutionConfigurationPlatforms) = preSolution
		Debug|Any CPU = Debug|Any CPU
		Release|Any CPU = Release|Any CPU
	EndGlobalSection
	GlobalSection(ProjectConfigurationPlatforms) = postSolution
		{2D4A385C-0104-44E4-A2AE-F324F6C256F4}.Debug|Any CPU.ActiveCfg = Debug|Any CPU
		{2D4A385C-0104-44E4-A2AE-F324F6C256F4}.Debug|Any CPU.Build.0 = Debug|Any CPU
		{2D4A385C-0104-44E4-A2AE-F324F6C256F4}.Release|Any CPU.ActiveCfg = Release|Any CPU
		{2D4A385C-0104-44E4-A2AE-F324F6C256F4}.Release|Any CPU.Build.0 = Release|Any CPU
	EndGlobalSection
	GlobalSection(SolutionProperties) = preSolution
		HideSolutionNode = FALSE
	EndGlobalSection
	GlobalSection(ExtensibilityGlobals) = postSolution
		SolutionGuid = {C4348DF1-9E42-4B71-840E-98859429248C}
	EndGlobalSection
EndGlobal
